
Microsoft Visual Studio Solution File, Format Version 12.00
# Visual Studio Version 17
VisualStudioVersion = 17.14.36616.10 d17.14
MinimumVisualStudioVersion = 10.0.40219.1
Project("{FAE04EC0-301F-11D3-BF4B-00C04F79EFBC}") = "spaHarmony-M2", "spaHarmony-M2.csproj", "{DB2C25C6-0D15-418F-BC81-2D4AE75FD879}"
EndProject
Global
	GlobalSection(SolutionConfigurationPlatforms) = preSolution
		Debug|Any CPU = Debug|Any CPU
		Release|Any CPU = Release|Any CPU
	EndGlobalSection
	GlobalSection(ProjectConfigurationPlatforms) = postSolution
		{DB2C25C6-0D15-418F-BC81-2D4AE75FD879}.Debug|Any CPU.ActiveCfg = Debug|Any CPU
		{DB2C25C6-0D15-418F-BC81-2D4AE75FD879}.Debug|Any CPU.Build.0 = Debug|Any CPU
		{DB2C25C6-0D15-418F-BC81-2D4AE75FD879}.Release|Any CPU.ActiveCfg = Release|Any CPU
		{DB2C25C6-0D15-418F-BC81-2D4AE75FD879}.Release|Any CPU.Build.0 = Release|Any CPU
	EndGlobalSection
	GlobalSection(SolutionProperties) = preSolution
		HideSolutionNode = FALSE
	EndGlobalSection
	GlobalSection(ExtensibilityGlobals) = postSolution
		SolutionGuid = {928C7851-50FA-49A7-AE51-5F90914BBDB8}
	EndGlobalSection
EndGlobal
